
Microsoft Visual Studio Solution File, Format Version 12.00
# Visual Studio 15
VisualStudioVersion = 15.0.28010.2046
MinimumVisualStudioVersion = 10.0.40219.1
Project("{FAE04EC0-301F-11D3-BF4B-00C04F79EFBC}") = "Gathi.MovieDB.Broker", "Gathi.MovieDB.Broker\Gathi.MovieDB.Broker.csproj", "{296FE521-A7B5-4BB8-9B6E-BC0D8A066F62}"
EndProject
Global
	GlobalSection(SolutionConfigurationPlatforms) = preSolution
		Debug|Any CPU = Debug|Any CPU
		Release|Any CPU = Release|Any CPU
	EndGlobalSection
	GlobalSection(ProjectConfigurationPlatforms) = postSolution
		{296FE521-A7B5-4BB8-9B6E-BC0D8A066F62}.Debug|Any CPU.ActiveCfg = Debug|Any CPU
		{296FE521-A7B5-4BB8-9B6E-BC0D8A066F62}.Debug|Any CPU.Build.0 = Debug|Any CPU
		{296FE521-A7B5-4BB8-9B6E-BC0D8A066F62}.Release|Any CPU.ActiveCfg = Release|Any CPU
		{296FE521-A7B5-4BB8-9B6E-BC0D8A066F62}.Release|Any CPU.Build.0 = Release|Any CPU
	EndGlobalSection
	GlobalSection(SolutionProperties) = preSolution
		HideSolutionNode = FALSE
	EndGlobalSection
	GlobalSection(ExtensibilityGlobals) = postSolution
		SolutionGuid = {FDA448E7-10EB-47EF-AE59-6D4A2700A733}
	EndGlobalSection
EndGlobal
